Microsoft Visual Studio Solution File, Format Version 12.00
# Visual Studio Version 17
VisualStudioVersion = 17.0.31903.59
MinimumVisualStudioVersion = 10.0.40219.1
Project("{FAE04EC0-301F-11D3-BF4B-00C04F79EFBC}") = "QRApp.Api", "src\backend\QRApp.Api\QRApp.Api.csproj", "{A83A55C2-6A2D-4B07-AF77-2F637E5E3B40}"
EndProject
Project("{FAE04EC0-301F-11D3-BF4B-00C04F79EFBC}") = "QRApp.Application", "src\backend\QRApp.Application\QRApp.Application.csproj", "{D92275B4-1B61-435E-93BD-0AB2229319D8}"
EndProject
Project("{FAE04EC0-301F-11D3-BF4B-00C04F79EFBC}") = "QRApp.Domain", "src\backend\QRApp.Domain\QRApp.Domain.csproj", "{7E6C3C31-BD10-4CB2-A177-67AA1D2EAD63}"
EndProject
Project("{FAE04EC0-301F-11D3-BF4B-00C04F79EFBC}") = "QRApp.Infrastructure", "src\backend\QRApp.Infrastructure\QRApp.Infrastructure.csproj", "{83B03D17-3BB5-4E8D-A24F-04E216ED95FD}"
EndProject
Project("{FAE04EC0-301F-11D3-BF4B-00C04F79EFBC}") = "QRApp.Shared", "src\backend\QRApp.Shared\QRApp.Shared.csproj", "{957CC8CF-7969-40D2-9765-5AE13E5C17C7}"
EndProject
Project("{FAE04EC0-301F-11D3-BF4B-00C04F79EFBC}") = "QRApp.Application.Tests", "tests\QRApp.Application.Tests\QRApp.Application.Tests.csproj", "{CE9168E8-808D-4E0E-8597-13D79C7FDF58}"
EndProject
Global
	GlobalSection(SolutionConfigurationPlatforms) = preSolution
		Debug|Any CPU = Debug|Any CPU
		Release|Any CPU = Release|Any CPU
	EndGlobalSection
	GlobalSection(ProjectConfigurationPlatforms) = postSolution
		{A83A55C2-6A2D-4B07-AF77-2F637E5E3B40}.Debug|Any CPU.ActiveCfg = Debug|Any CPU
		{A83A55C2-6A2D-4B07-AF77-2F637E5E3B40}.Debug|Any CPU.Build.0 = Debug|Any CPU
		{A83A55C2-6A2D-4B07-AF77-2F637E5E3B40}.Release|Any CPU.ActiveCfg = Release|Any CPU
		{A83A55C2-6A2D-4B07-AF77-2F637E5E3B40}.Release|Any CPU.Build.0 = Release|Any CPU
		{D92275B4-1B61-435E-93BD-0AB2229319D8}.Debug|Any CPU.ActiveCfg = Debug|Any CPU
		{D92275B4-1B61-435E-93BD-0AB2229319D8}.Debug|Any CPU.Build.0 = Debug|Any CPU
		{D92275B4-1B61-435E-93BD-0AB2229319D8}.Release|Any CPU.ActiveCfg = Release|Any CPU
		{D92275B4-1B61-435E-93BD-0AB2229319D8}.Release|Any CPU.Build.0 = Release|Any CPU
		{7E6C3C31-BD10-4CB2-A177-67AA1D2EAD63}.Debug|Any CPU.ActiveCfg = Debug|Any CPU
		{7E6C3C31-BD10-4CB2-A177-67AA1D2EAD63}.Debug|Any CPU.Build.0 = Debug|Any CPU
		{7E6C3C31-BD10-4CB2-A177-67AA1D2EAD63}.Release|Any CPU.ActiveCfg = Release|Any CPU
		{7E6C3C31-BD10-4CB2-A177-67AA1D2EAD63}.Release|Any CPU.Build.0 = Release|Any CPU
		{83B03D17-3BB5-4E8D-A24F-04E216ED95FD}.Debug|Any CPU.ActiveCfg = Debug|Any CPU
		{83B03D17-3BB5-4E8D-A24F-04E216ED95FD}.Debug|Any CPU.Build.0 = Debug|Any CPU
		{83B03D17-3BB5-4E8D-A24F-04E216ED95FD}.Release|Any CPU.ActiveCfg = Release|Any CPU
		{83B03D17-3BB5-4E8D-A24F-04E216ED95FD}.Release|Any CPU.Build.0 = Release|Any CPU
		{957CC8CF-7969-40D2-9765-5AE13E5C17C7}.Debug|Any CPU.ActiveCfg = Debug|Any CPU
		{957CC8CF-7969-40D2-9765-5AE13E5C17C7}.Debug|Any CPU.Build.0 = Debug|Any CPU
		{957CC8CF-7969-40D2-9765-5AE13E5C17C7}.Release|Any CPU.ActiveCfg = Release|Any CPU
		{957CC8CF-7969-40D2-9765-5AE13E5C17C7}.Release|Any CPU.Build.0 = Release|Any CPU
		{CE9168E8-808D-4E0E-8597-13D79C7FDF58}.Debug|Any CPU.ActiveCfg = Debug|Any CPU
		{CE9168E8-808D-4E0E-8597-13D79C7FDF58}.Debug|Any CPU.Build.0 = Debug|Any CPU
		{CE9168E8-808D-4E0E-8597-13D79C7FDF58}.Release|Any CPU.ActiveCfg = Release|Any CPU
		{CE9168E8-808D-4E0E-8597-13D79C7FDF58}.Release|Any CPU.Build.0 = Release|Any CPU
	EndGlobalSection
EndGlobal
